
Microsoft Visual Studio Solution File, Format Version 12.00
# Visual Studio Version 17
VisualStudioVersion = 17.0.31423.177
MinimumVisualStudioVersion = 10.0.40219.1
Project("{9A19103F-16F7-4668-BE54-9A1E7A4F7556}") = "Lol.Foundation", "Lol.Foundation\Lol.Foundation.csproj", "{96A88770-07B5-4F98-B104-89CF7199C13E}"
EndProject
Project("{9A19103F-16F7-4668-BE54-9A1E7A4F7556}") = "Lol.Data", "Lol.Data\Lol.Data.csproj", "{0C641116-315D-4D0C-A1D6-500E7207FBC4}"
EndProject
Project("{9A19103F-16F7-4668-BE54-9A1E7A4F7556}") = "Lol.Resources", "Lol.Resources\Lol.Resources.csproj", "{B36C012F-E1B8-4913-B6A4-25E019C9D121}"
EndProject
Project("{9A19103F-16F7-4668-BE54-9A1E7A4F7556}") = "Lol.Main", "Lol.Main\Lol.Main.csproj", "{7CFF00F7-746E-4C2B-B512-5CC530A2CEB5}"
EndProject
Project("{9A19103F-16F7-4668-BE54-9A1E7A4F7556}") = "Lol.Friends", "Lol.Friends\Lol.Friends.csproj", "{3214A786-D65E-42F1-9BB8-BD025A0EF8E2}"
EndProject
Project("{9A19103F-16F7-4668-BE54-9A1E7A4F7556}") = "Lol.Home", "Lol.Home\Lol.Home.csproj", "{7D862776-7171-4AAD-89FD-93F0461570EB}"
EndProject
Project("{9A19103F-16F7-4668-BE54-9A1E7A4F7556}") = "Lol.Store", "Lol.Store\Lol.Store.csproj", "{0ACF64AB-C606-4B28-8E3D-8925F8B32300}"
EndProject
Project("{9A19103F-16F7-4668-BE54-9A1E7A4F7556}") = "Lol.TeamFight", "Lol.TeamFight\Lol.TeamFight.csproj", "{21BFB626-C2AD-4A15-A297-AB0339BF31A2}"
EndProject
Project("{9A19103F-16F7-4668-BE54-9A1E7A4F7556}") = "Lol.MyShop", "Lol.MyShop\Lol.MyShop.csproj", "{4DC02F31-594B-4B3E-B50E-C401296CE5AF}"
EndProject
Project("{9A19103F-16F7-4668-BE54-9A1E7A4F7556}") = "Lol.Clash", "Lol.Clash\Lol.Clash.csproj", "{ED101DCF-E714-4EF3-A0AA-E9129594DC30}"
EndProject
Project("{9A19103F-16F7-4668-BE54-9A1E7A4F7556}") = "Lol.Settings.InGame", "Lol.Settings.InGame\Lol.Settings.InGame.csproj", "{7B9182E6-B9C5-4D5F-9BFC-B3214FB65402}"
EndProject
Project("{9A19103F-16F7-4668-BE54-9A1E7A4F7556}") = "Lol.Settings.Client", "Lol.Settings.Client\Lol.Settings.Client.csproj", "{ECDA1014-EE78-49AA-B3AE-F583B67FD99A}"
EndProject
Project("{9A19103F-16F7-4668-BE54-9A1E7A4F7556}") = "Lol.Settings.About", "Lol.Settings.About\Lol.Settings.About.csproj", "{FBED7579-15FF-418F-B2BD-6FC7BA9BA80E}"
EndProject
Project("{9A19103F-16F7-4668-BE54-9A1E7A4F7556}") = "Lol.Settings", "Lol.Settings\Lol.Settings.csproj", "{F9CD1A05-7835-4B25-9787-2C90C071D4F8}"
EndProject
Project("{9A19103F-16F7-4668-BE54-9A1E7A4F7556}") = "Leagueoflegends", "Leagueoflegends\Leagueoflegends.csproj", "{3BCAEED7-8527-49B9-A397-B265B8CE4C7F}"
EndProject
Project("{9A19103F-16F7-4668-BE54-9A1E7A4F7556}") = "Lol.Collection", "Lol.Collection\Lol.Collection.csproj", "{22414441-F1C2-4716-A27C-FDB6642EC034}"
EndProject
Project("{9A19103F-16F7-4668-BE54-9A1E7A4F7556}") = "Lol.Profile", "Lol.Profile\Lol.Profile.csproj", "{2C040A44-098B-40F5-8746-3909600E6B12}"
EndProject
Project("{9A19103F-16F7-4668-BE54-9A1E7A4F7556}") = "Lol.GameRoom", "Lol.GameRoom\Lol.GameRoom.csproj", "{FB63380E-7202-48BA-8AEA-7E065E2368CF}"
EndProject
Project("{9A19103F-16F7-4668-BE54-9A1E7A4F7556}") = "Lol.Devices", "Lol.Devices\Lol.Devices.csproj", "{0217890B-CB38-4964-8F3D-428F68A30C6F}"
EndProject
Project("{9A19103F-16F7-4668-BE54-9A1E7A4F7556}") = "Lol.Loot", "Lol.Loot\Lol.Loot.csproj", "{3177E27F-F51B-44F2-B395-9E43F12D0C41}"
EndProject
Project("{9A19103F-16F7-4668-BE54-9A1E7A4F7556}") = "Lol.Database", "Lol.Database\Lol.Database.csproj", "{68431F79-5D10-43D2-B031-08E31D4D92F2}"
EndProject
Project("{9A19103F-16F7-4668-BE54-9A1E7A4F7556}") = "Lol.Forms", "Lol.Forms\Lol.Forms.csproj", "{450E858E-7C3E-4027-B9A9-E2D27E555E84}"
EndProject
Project("{2150E333-8FDC-42A3-9474-1A3956D46DE8}") = "Studio", "Studio", "{E05860B6-FEF3-4627-A53E-225851737CC3}"
EndProject
Project("{2150E333-8FDC-42A3-9474-1A3956D46DE8}") = "Partial", "Partial", "{3B45BF3A-65B9-4EA2-AD6E-BA120FFEF6F0}"
EndProject
Project("{2150E333-8FDC-42A3-9474-1A3956D46DE8}") = "Foundation", "Foundation", "{4A67062F-D474-46DA-A851-F6AC3563F06C}"
EndProject
Project("{9A19103F-16F7-4668-BE54-9A1E7A4F7556}") = "DevNcore.LayoutSupport.Leagueoflegends", "DevNcore.LayoutSupport.Leagueoflegends\DevNcore.LayoutSupport.Leagueoflegends.csproj", "{BA1CF458-32DF-4B39-9A3A-C3097A28A25A}"
EndProject
Project("{2150E333-8FDC-42A3-9474-1A3956D46DE8}") = "Pages", "Pages", "{AED866F2-1D25-452D-BEC4-38B2EDFF498B}"
EndProject
Project("{9A19103F-16F7-4668-BE54-9A1E7A4F7556}") = "Lol.Support", "Lol.Support\Lol.Support.csproj", "{673B68AF-5BE2-469F-A765-D572144A368D}"
EndProject
Project("{FAE04EC0-301F-11D3-BF4B-00C04F79EFBC}") = "Lol.Menus", "Lol.Menus\Lol.Menus.csproj", "{D8699F0E-9CF1-4CA8-8A64-BEE452F2B3AB}"
EndProject
Global
	GlobalSection(SolutionConfigurationPlatforms) = preSolution
		Debug|Any CPU = Debug|Any CPU
		Release|Any CPU = Release|Any CPU
	EndGlobalSection
	GlobalSection(ProjectConfigurationPlatforms) = postSolution
		{96A88770-07B5-4F98-B104-89CF7199C13E}.Debug|Any CPU.ActiveCfg = Debug|Any CPU
		{96A88770-07B5-4F98-B104-89CF7199C13E}.Debug|Any CPU.Build.0 = Debug|Any CPU
		{96A88770-07B5-4F98-B104-89CF7199C13E}.Release|Any CPU.ActiveCfg = Release|Any CPU
		{96A88770-07B5-4F98-B104-89CF7199C13E}.Release|Any CPU.Build.0 = Release|Any CPU
		{0C641116-315D-4D0C-A1D6-500E7207FBC4}.Debug|Any CPU.ActiveCfg = Debug|Any CPU
		{0C641116-315D-4D0C-A1D6-500E7207FBC4}.Debug|Any CPU.Build.0 = Debug|Any CPU
		{0C641116-315D-4D0C-A1D6-500E7207FBC4}.Release|Any CPU.ActiveCfg = Release|Any CPU
		{0C641116-315D-4D0C-A1D6-500E7207FBC4}.Release|Any CPU.Build.0 = Release|Any CPU
		{B36C012F-E1B8-4913-B6A4-25E019C9D121}.Debug|Any CPU.ActiveCfg = Debug|Any CPU
		{B36C012F-E1B8-4913-B6A4-25E019C9D121}.Debug|Any CPU.Build.0 = Debug|Any CPU
		{B36C012F-E1B8-4913-B6A4-25E019C9D121}.Release|Any CPU.ActiveCfg = Release|Any CPU
		{B36C012F-E1B8-4913-B6A4-25E019C9D121}.Release|Any CPU.Build.0 = Release|Any CPU
		{7CFF00F7-746E-4C2B-B512-5CC530A2CEB5}.Debug|Any CPU.ActiveCfg = Debug|Any CPU
		{7CFF00F7-746E-4C2B-B512-5CC530A2CEB5}.Debug|Any CPU.Build.0 = Debug|Any CPU
		{7CFF00F7-746E-4C2B-B512-5CC530A2CEB5}.Release|Any CPU.ActiveCfg = Release|Any CPU
		{7CFF00F7-746E-4C2B-B512-5CC530A2CEB5}.Release|Any CPU.Build.0 = Release|Any CPU
		{3214A786-D65E-42F1-9BB8-BD025A0EF8E2}.Debug|Any CPU.ActiveCfg = Debug|Any CPU
		{3214A786-D65E-42F1-9BB8-BD025A0EF8E2}.Debug|Any CPU.Build.0 = Debug|Any CPU
		{3214A786-D65E-42F1-9BB8-BD025A0EF8E2}.Release|Any CPU.ActiveCfg = Release|Any CPU
		{3214A786-D65E-42F1-9BB8-BD025A0EF8E2}.Release|Any CPU.Build.0 = Release|Any CPU
		{7D862776-7171-4AAD-89FD-93F0461570EB}.Debug|Any CPU.ActiveCfg = Debug|Any CPU
		{7D862776-7171-4AAD-89FD-93F0461570EB}.Debug|Any CPU.Build.0 = Debug|Any CPU
		{7D862776-7171-4AAD-89FD-93F0461570EB}.Release|Any CPU.ActiveCfg = Release|Any CPU
		{7D862776-7171-4AAD-89FD-93F0461570EB}.Release|Any CPU.Build.0 = Release|Any CPU
		{0ACF64AB-C606-4B28-8E3D-8925F8B32300}.Debug|Any CPU.ActiveCfg = Debug|Any CPU
		{0ACF64AB-C606-4B28-8E3D-8925F8B32300}.Debug|Any CPU.Build.0 = Debug|Any CPU
		{0ACF64AB-C606-4B28-8E3D-8925F8B32300}.Release|Any CPU.ActiveCfg = Release|Any CPU
		{0ACF64AB-C606-4B28-8E3D-8925F8B32300}.Release|Any CPU.Build.0 = Release|Any CPU
		{21BFB626-C2AD-4A15-A297-AB0339BF31A2}.Debug|Any CPU.ActiveCfg = Debug|Any CPU
		{21BFB626-C2AD-4A15-A297-AB0339BF31A2}.Debug|Any CPU.Build.0 = Debug|Any CPU
		{21BFB626-C2AD-4A15-A297-AB0339BF31A2}.Release|Any CPU.ActiveCfg = Release|Any CPU
		{21BFB626-C2AD-4A15-A297-AB0339BF31A2}.Release|Any CPU.Build.0 = Release|Any CPU
		{4DC02F31-594B-4B3E-B50E-C401296CE5AF}.Debug|Any CPU.ActiveCfg = Debug|Any CPU
		{4DC02F31-594B-4B3E-B50E-C401296CE5AF}.Debug|Any CPU.Build.0 = Debug|Any CPU
		{4DC02F31-594B-4B3E-B50E-C401296CE5AF}.Release|Any CPU.ActiveCfg = Release|Any CPU
		{4DC02F31-594B-4B3E-B50E-C401296CE5AF}.Release|Any CPU.Build.0 = Release|Any CPU
		{ED101DCF-E714-4EF3-A0AA-E9129594DC30}.Debug|Any CPU.ActiveCfg = Debug|Any CPU
		{ED101DCF-E714-4EF3-A0AA-E9129594DC30}.Debug|Any CPU.Build.0 = Debug|Any CPU
		{ED101DCF-E714-4EF3-A0AA-E9129594DC30}.Release|Any CPU.ActiveCfg = Release|Any CPU
		{ED101DCF-E714-4EF3-A0AA-E9129594DC30}.Release|Any CPU.Build.0 = Release|Any CPU
		{7B9182E6-B9C5-4D5F-9BFC-B3214FB65402}.Debug|Any CPU.ActiveCfg = Debug|Any CPU
		{7B9182E6-B9C5-4D5F-9BFC-B3214FB65402}.Debug|Any CPU.Build.0 = Debug|Any CPU
		{7B9182E6-B9C5-4D5F-9BFC-B3214FB65402}.Release|Any CPU.ActiveCfg = Release|Any CPU
		{7B9182E6-B9C5-4D5F-9BFC-B3214FB65402}.Release|Any CPU.Build.0 = Release|Any CPU
		{ECDA1014-EE78-49AA-B3AE-F583B67FD99A}.Debug|Any CPU.ActiveCfg = Debug|Any CPU
		{ECDA1014-EE78-49AA-B3AE-F583B67FD99A}.Debug|Any CPU.Build.0 = Debug|Any CPU
		{ECDA1014-EE78-49AA-B3AE-F583B67FD99A}.Release|Any CPU.ActiveCfg = Release|Any CPU
		{ECDA1014-EE78-49AA-B3AE-F583B67FD99A}.Release|Any CPU.Build.0 = Release|Any CPU
		{FBED7579-15FF-418F-B2BD-6FC7BA9BA80E}.Debug|Any CPU.ActiveCfg = Debug|Any CPU
		{FBED7579-15FF-418F-B2BD-6FC7BA9BA80E}.Debug|Any CPU.Build.0 = Debug|Any CPU
		{FBED7579-15FF-418F-B2BD-6FC7BA9BA80E}.Release|Any CPU.ActiveCfg = Release|Any CPU
		{FBED7579-15FF-418F-B2BD-6FC7BA9BA80E}.Release|Any CPU.Build.0 = Release|Any CPU
		{F9CD1A05-7835-4B25-9787-2C90C071D4F8}.Debug|Any CPU.ActiveCfg = Debug|Any CPU
		{F9CD1A05-7835-4B25-9787-2C90C071D4F8}.Debug|Any CPU.Build.0 = Debug|Any CPU
		{F9CD1A05-7835-4B25-9787-2C90C071D4F8}.Release|Any CPU.ActiveCfg = Release|Any CPU
		{F9CD1A05-7835-4B25-9787-2C90C071D4F8}.Release|Any CPU.Build.0 = Release|Any CPU
		{3BCAEED7-8527-49B9-A397-B265B8CE4C7F}.Debug|Any CPU.ActiveCfg = Debug|Any CPU
		{3BCAEED7-8527-49B9-A397-B265B8CE4C7F}.Debug|Any CPU.Build.0 = Debug|Any CPU
		{3BCAEED7-8527-49B9-A397-B265B8CE4C7F}.Release|Any CPU.ActiveCfg = Release|Any CPU
		{3BCAEED7-8527-49B9-A397-B265B8CE4C7F}.Release|Any CPU.Build.0 = Release|Any CPU
		{22414441-F1C2-4716-A27C-FDB6642EC034}.Debug|Any CPU.ActiveCfg = Debug|Any CPU
		{22414441-F1C2-4716-A27C-FDB6642EC034}.Debug|Any CPU.Build.0 = Debug|Any CPU
		{22414441-F1C2-4716-A27C-FDB6642EC034}.Release|Any CPU.ActiveCfg = Release|Any CPU
		{22414441-F1C2-4716-A27C-FDB6642EC034}.Release|Any CPU.Build.0 = Release|Any CPU
		{2C040A44-098B-40F5-8746-3909600E6B12}.Debug|Any CPU.ActiveCfg = Debug|Any CPU
		{2C040A44-098B-40F5-8746-3909600E6B12}.Debug|Any CPU.Build.0 = Debug|Any CPU
		{2C040A44-098B-40F5-8746-3909600E6B12}.Release|Any CPU.ActiveCfg = Release|Any CPU
		{2C040A44-098B-40F5-8746-3909600E6B12}.Release|Any CPU.Build.0 = Release|Any CPU
		{FB63380E-7202-48BA-8AEA-7E065E2368CF}.Debug|Any CPU.ActiveCfg = Debug|Any CPU
		{FB63380E-7202-48BA-8AEA-7E065E2368CF}.Debug|Any CPU.Build.0 = Debug|Any CPU
		{FB63380E-7202-48BA-8AEA-7E065E2368CF}.Release|Any CPU.ActiveCfg = Release|Any CPU
		{FB63380E-7202-48BA-8AEA-7E065E2368CF}.Release|Any CPU.Build.0 = Release|Any CPU
		{0217890B-CB38-4964-8F3D-428F68A30C6F}.Debug|Any CPU.ActiveCfg = Debug|Any CPU
		{0217890B-CB38-4964-8F3D-428F68A30C6F}.Debug|Any CPU.Build.0 = Debug|Any CPU
		{0217890B-CB38-4964-8F3D-428F68A30C6F}.Release|Any CPU.ActiveCfg = Release|Any CPU
		{0217890B-CB38-4964-8F3D-428F68A30C6F}.Release|Any CPU.Build.0 = Release|Any CPU
		{3177E27F-F51B-44F2-B395-9E43F12D0C41}.Debug|Any CPU.ActiveCfg = Debug|Any CPU
		{3177E27F-F51B-44F2-B395-9E43F12D0C41}.Debug|Any CPU.Build.0 = Debug|Any CPU
		{3177E27F-F51B-44F2-B395-9E43F12D0C41}.Release|Any CPU.ActiveCfg = Release|Any CPU
		{3177E27F-F51B-44F2-B395-9E43F12D0C41}.Release|Any CPU.Build.0 = Release|Any CPU
		{68431F79-5D10-43D2-B031-08E31D4D92F2}.Debug|Any CPU.ActiveCfg = Debug|Any CPU
		{68431F79-5D10-43D2-B031-08E31D4D92F2}.Debug|Any CPU.Build.0 = Debug|Any CPU
		{68431F79-5D10-43D2-B031-08E31D4D92F2}.Release|Any CPU.ActiveCfg = Release|Any CPU
		{68431F79-5D10-43D2-B031-08E31D4D92F2}.Release|Any CPU.Build.0 = Release|Any CPU
		{450E858E-7C3E-4027-B9A9-E2D27E555E84}.Debug|Any CPU.ActiveCfg = Debug|Any CPU
		{450E858E-7C3E-4027-B9A9-E2D27E555E84}.Debug|Any CPU.Build.0 = Debug|Any CPU
		{450E858E-7C3E-4027-B9A9-E2D27E555E84}.Release|Any CPU.ActiveCfg = Release|Any CPU
		{450E858E-7C3E-4027-B9A9-E2D27E555E84}.Release|Any CPU.Build.0 = Release|Any CPU
		{BA1CF458-32DF-4B39-9A3A-C3097A28A25A}.Debug|Any CPU.ActiveCfg = Debug|Any CPU
		{BA1CF458-32DF-4B39-9A3A-C3097A28A25A}.Debug|Any CPU.Build.0 = Debug|Any CPU
		{BA1CF458-32DF-4B39-9A3A-C3097A28A25A}.Release|Any CPU.ActiveCfg = Release|Any CPU
		{BA1CF458-32DF-4B39-9A3A-C3097A28A25A}.Release|Any CPU.Build.0 = Release|Any CPU
		{673B68AF-5BE2-469F-A765-D572144A368D}.Debug|Any CPU.ActiveCfg = Debug|Any CPU
		{673B68AF-5BE2-469F-A765-D572144A368D}.Debug|Any CPU.Build.0 = Debug|Any CPU
		{673B68AF-5BE2-469F-A765-D572144A368D}.Release|Any CPU.ActiveCfg = Release|Any CPU
		{673B68AF-5BE2-469F-A765-D572144A368D}.Release|Any CPU.Build.0 = Release|Any CPU
		{D8699F0E-9CF1-4CA8-8A64-BEE452F2B3AB}.Debug|Any CPU.ActiveCfg = Debug|Any CPU
		{D8699F0E-9CF1-4CA8-8A64-BEE452F2B3AB}.Debug|Any CPU.Build.0 = Debug|Any CPU
		{D8699F0E-9CF1-4CA8-8A64-BEE452F2B3AB}.Release|Any CPU.ActiveCfg = Release|Any CPU
		{D8699F0E-9CF1-4CA8-8A64-BEE452F2B3AB}.Release|Any CPU.Build.0 = Release|Any CPU
	EndGlobalSection
	GlobalSection(SolutionProperties) = preSolution
		HideSolutionNode = FALSE
	EndGlobalSection
	GlobalSection(NestedProjects) = preSolution
		{96A88770-07B5-4F98-B104-89CF7199C13E} = {4A67062F-D474-46DA-A851-F6AC3563F06C}
		{0C641116-315D-4D0C-A1D6-500E7207FBC4} = {4A67062F-D474-46DA-A851-F6AC3563F06C}
		{B36C012F-E1B8-4913-B6A4-25E019C9D121} = {4A67062F-D474-46DA-A851-F6AC3563F06C}
		{7CFF00F7-746E-4C2B-B512-5CC530A2CEB5} = {3B45BF3A-65B9-4EA2-AD6E-BA120FFEF6F0}
		{3214A786-D65E-42F1-9BB8-BD025A0EF8E2} = {AED866F2-1D25-452D-BEC4-38B2EDFF498B}
		{7D862776-7171-4AAD-89FD-93F0461570EB} = {AED866F2-1D25-452D-BEC4-38B2EDFF498B}
		{0ACF64AB-C606-4B28-8E3D-8925F8B32300} = {AED866F2-1D25-452D-BEC4-38B2EDFF498B}
		{21BFB626-C2AD-4A15-A297-AB0339BF31A2} = {AED866F2-1D25-452D-BEC4-38B2EDFF498B}
		{4DC02F31-594B-4B3E-B50E-C401296CE5AF} = {AED866F2-1D25-452D-BEC4-38B2EDFF498B}
		{ED101DCF-E714-4EF3-A0AA-E9129594DC30} = {AED866F2-1D25-452D-BEC4-38B2EDFF498B}
		{7B9182E6-B9C5-4D5F-9BFC-B3214FB65402} = {AED866F2-1D25-452D-BEC4-38B2EDFF498B}
		{ECDA1014-EE78-49AA-B3AE-F583B67FD99A} = {AED866F2-1D25-452D-BEC4-38B2EDFF498B}
		{FBED7579-15FF-418F-B2BD-6FC7BA9BA80E} = {AED866F2-1D25-452D-BEC4-38B2EDFF498B}
		{F9CD1A05-7835-4B25-9787-2C90C071D4F8} = {AED866F2-1D25-452D-BEC4-38B2EDFF498B}
		{3BCAEED7-8527-49B9-A397-B265B8CE4C7F} = {E05860B6-FEF3-4627-A53E-225851737CC3}
		{22414441-F1C2-4716-A27C-FDB6642EC034} = {AED866F2-1D25-452D-BEC4-38B2EDFF498B}
		{2C040A44-098B-40F5-8746-3909600E6B12} = {AED866F2-1D25-452D-BEC4-38B2EDFF498B}
		{FB63380E-7202-48BA-8AEA-7E065E2368CF} = {AED866F2-1D25-452D-BEC4-38B2EDFF498B}
		{0217890B-CB38-4964-8F3D-428F68A30C6F} = {4A67062F-D474-46DA-A851-F6AC3563F06C}
		{3177E27F-F51B-44F2-B395-9E43F12D0C41} = {AED866F2-1D25-452D-BEC4-38B2EDFF498B}
		{68431F79-5D10-43D2-B031-08E31D4D92F2} = {4A67062F-D474-46DA-A851-F6AC3563F06C}
		{450E858E-7C3E-4027-B9A9-E2D27E555E84} = {3B45BF3A-65B9-4EA2-AD6E-BA120FFEF6F0}
		{BA1CF458-32DF-4B39-9A3A-C3097A28A25A} = {4A67062F-D474-46DA-A851-F6AC3563F06C}
		{AED866F2-1D25-452D-BEC4-38B2EDFF498B} = {3B45BF3A-65B9-4EA2-AD6E-BA120FFEF6F0}
		{673B68AF-5BE2-469F-A765-D572144A368D} = {4A67062F-D474-46DA-A851-F6AC3563F06C}
		{D8699F0E-9CF1-4CA8-8A64-BEE452F2B3AB} = {3B45BF3A-65B9-4EA2-AD6E-BA120FFEF6F0}
	EndGlobalSection
	GlobalSection(ExtensibilityGlobals) = postSolution
		SolutionGuid = {EB8A4E83-8ABD-40CF-B56A-559A49B51254}
	EndGlobalSection
EndGlobal
