
Microsoft Visual Studio Solution File, Format Version 12.00
# Visual Studio Version 17
VisualStudioVersion = 17.0.31423.177
MinimumVisualStudioVersion = 10.0.40219.1
Project("{9A19103F-16F7-4668-BE54-9A1E7A4F7556}") = "Lol.Foundation", "Lol.Foundation\Lol.Foundation.csproj", "{96A88770-07B5-4F98-B104-89CF7199C13E}"
EndProject
Project("{9A19103F-16F7-4668-BE54-9A1E7A4F7556}") = "Lol.Data", "Lol.Data\Lol.Data.csproj", "{0C641116-315D-4D0C-A1D6-500E7207FBC4}"
EndProject
Project("{2150E333-8FDC-42A3-9474-1A3956D46DE8}") = "Presentation", "Presentation", "{D2DC83FB-F3F5-42B9-9943-6E31210E77A5}"
EndProject
Project("{9A19103F-16F7-4668-BE54-9A1E7A4F7556}") = "Lol.Controls", "Lol.Controls\Lol.Controls.csproj", "{EE39072A-7684-424B-8832-8E6A66734028}"
EndProject
Project("{9A19103F-16F7-4668-BE54-9A1E7A4F7556}") = "Lol.LayoutSupport", "Lol.LayoutSupport\Lol.LayoutSupport.csproj", "{14343574-88DE-411C-90C3-7E4EFD924DC3}"
EndProject
Project("{9A19103F-16F7-4668-BE54-9A1E7A4F7556}") = "Lol.Converter", "Lol.Converter\Lol.Converter.csproj", "{87EF2B20-CD6D-42BC-B46D-CD01AE54C4EA}"
EndProject
Project("{9A19103F-16F7-4668-BE54-9A1E7A4F7556}") = "Lol.Resources", "Lol.Resources\Lol.Resources.csproj", "{B36C012F-E1B8-4913-B6A4-25E019C9D121}"
EndProject
Project("{9A19103F-16F7-4668-BE54-9A1E7A4F7556}") = "Lol.Main", "Lol.Main\Lol.Main.csproj", "{7CFF00F7-746E-4C2B-B512-5CC530A2CEB5}"
EndProject
Project("{2150E333-8FDC-42A3-9474-1A3956D46DE8}") = "Views", "Views", "{A4696F9F-6D53-459D-BAB8-0FF6573C1A84}"
EndProject
Project("{2150E333-8FDC-42A3-9474-1A3956D46DE8}") = "Windows", "Windows", "{839C5F93-27D8-4585-872A-E9471EFEDEFA}"
EndProject
Project("{9A19103F-16F7-4668-BE54-9A1E7A4F7556}") = "Lol.Friends", "Lol.Friends\Lol.Friends.csproj", "{3214A786-D65E-42F1-9BB8-BD025A0EF8E2}"
EndProject
Project("{9A19103F-16F7-4668-BE54-9A1E7A4F7556}") = "Lol.Home", "Lol.Home\Lol.Home.csproj", "{7D862776-7171-4AAD-89FD-93F0461570EB}"
EndProject
Project("{9A19103F-16F7-4668-BE54-9A1E7A4F7556}") = "Lol.Store", "Lol.Store\Lol.Store.csproj", "{0ACF64AB-C606-4B28-8E3D-8925F8B32300}"
EndProject
Project("{9A19103F-16F7-4668-BE54-9A1E7A4F7556}") = "Lol.TeamFight", "Lol.TeamFight\Lol.TeamFight.csproj", "{21BFB626-C2AD-4A15-A297-AB0339BF31A2}"
EndProject
Project("{9A19103F-16F7-4668-BE54-9A1E7A4F7556}") = "Lol.MyShop", "Lol.MyShop\Lol.MyShop.csproj", "{4DC02F31-594B-4B3E-B50E-C401296CE5AF}"
EndProject
Project("{9A19103F-16F7-4668-BE54-9A1E7A4F7556}") = "Lol.Clash", "Lol.Clash\Lol.Clash.csproj", "{ED101DCF-E714-4EF3-A0AA-E9129594DC30}"
EndProject
Project("{9A19103F-16F7-4668-BE54-9A1E7A4F7556}") = "Lol.Settings.InGame", "Lol.Settings.InGame\Lol.Settings.InGame.csproj", "{7B9182E6-B9C5-4D5F-9BFC-B3214FB65402}"
EndProject
Project("{9A19103F-16F7-4668-BE54-9A1E7A4F7556}") = "Lol.Settings.Client", "Lol.Settings.Client\Lol.Settings.Client.csproj", "{ECDA1014-EE78-49AA-B3AE-F583B67FD99A}"
EndProject
Project("{9A19103F-16F7-4668-BE54-9A1E7A4F7556}") = "Lol.Settings.About", "Lol.Settings.About\Lol.Settings.About.csproj", "{FBED7579-15FF-418F-B2BD-6FC7BA9BA80E}"
EndProject
Project("{9A19103F-16F7-4668-BE54-9A1E7A4F7556}") = "Lol.Settings", "Lol.Settings\Lol.Settings.csproj", "{F9CD1A05-7835-4B25-9787-2C90C071D4F8}"
EndProject
Project("{9A19103F-16F7-4668-BE54-9A1E7A4F7556}") = "Leagueoflegends", "Leagueoflegends\Leagueoflegends.csproj", "{3BCAEED7-8527-49B9-A397-B265B8CE4C7F}"
EndProject
Project("{2150E333-8FDC-42A3-9474-1A3956D46DE8}") = "Implement", "Implement", "{8752D99F-C5BA-4B46-A3D3-25B1458614F1}"
EndProject
Project("{2150E333-8FDC-42A3-9474-1A3956D46DE8}") = "Based", "Based", "{E2969795-6E49-42B6-AFC8-679F0398C5B7}"
EndProject
Project("{2150E333-8FDC-42A3-9474-1A3956D46DE8}") = "Material", "Material", "{942E8723-579C-4BEE-A8A9-F288849BD00A}"
EndProject
Project("{9A19103F-16F7-4668-BE54-9A1E7A4F7556}") = "Lol.Collection", "Lol.Collection\Lol.Collection.csproj", "{22414441-F1C2-4716-A27C-FDB6642EC034}"
EndProject
Project("{9A19103F-16F7-4668-BE54-9A1E7A4F7556}") = "Lol.Profile", "Lol.Profile\Lol.Profile.csproj", "{2C040A44-098B-40F5-8746-3909600E6B12}"
EndProject
Project("{2150E333-8FDC-42A3-9474-1A3956D46DE8}") = "AppData", "AppData", "{393FC49D-D9C9-4171-B798-E8813C5A41B9}"
EndProject
Project("{9A19103F-16F7-4668-BE54-9A1E7A4F7556}") = "Lol.YamlDatabase", "Lol.YamlDatabase\Lol.YamlDatabase.csproj", "{BD3B50FB-8C00-4ED0-91E7-8ED1AEDBCF34}"
EndProject
Project("{9A19103F-16F7-4668-BE54-9A1E7A4F7556}") = "Lol.GameRoom", "Lol.GameRoom\Lol.GameRoom.csproj", "{FB63380E-7202-48BA-8AEA-7E065E2368CF}"
EndProject
Project("{9A19103F-16F7-4668-BE54-9A1E7A4F7556}") = "Lol.Devices", "Lol.Devices\Lol.Devices.csproj", "{0217890B-CB38-4964-8F3D-428F68A30C6F}"
EndProject
Project("{FAE04EC0-301F-11D3-BF4B-00C04F79EFBC}") = "Lol.Loot", "Lol.Loot\Lol.Loot.csproj", "{3177E27F-F51B-44F2-B395-9E43F12D0C41}"
EndProject
Global
	GlobalSection(SolutionConfigurationPlatforms) = preSolution
		Debug|Any CPU = Debug|Any CPU
		Release|Any CPU = Release|Any CPU
	EndGlobalSection
	GlobalSection(ProjectConfigurationPlatforms) = postSolution
		{96A88770-07B5-4F98-B104-89CF7199C13E}.Debug|Any CPU.ActiveCfg = Debug|Any CPU
		{96A88770-07B5-4F98-B104-89CF7199C13E}.Debug|Any CPU.Build.0 = Debug|Any CPU
		{96A88770-07B5-4F98-B104-89CF7199C13E}.Release|Any CPU.ActiveCfg = Release|Any CPU
		{96A88770-07B5-4F98-B104-89CF7199C13E}.Release|Any CPU.Build.0 = Release|Any CPU
		{0C641116-315D-4D0C-A1D6-500E7207FBC4}.Debug|Any CPU.ActiveCfg = Debug|Any CPU
		{0C641116-315D-4D0C-A1D6-500E7207FBC4}.Debug|Any CPU.Build.0 = Debug|Any CPU
		{0C641116-315D-4D0C-A1D6-500E7207FBC4}.Release|Any CPU.ActiveCfg = Release|Any CPU
		{0C641116-315D-4D0C-A1D6-500E7207FBC4}.Release|Any CPU.Build.0 = Release|Any CPU
		{EE39072A-7684-424B-8832-8E6A66734028}.Debug|Any CPU.ActiveCfg = Debug|Any CPU
		{EE39072A-7684-424B-8832-8E6A66734028}.Debug|Any CPU.Build.0 = Debug|Any CPU
		{EE39072A-7684-424B-8832-8E6A66734028}.Release|Any CPU.ActiveCfg = Release|Any CPU
		{EE39072A-7684-424B-8832-8E6A66734028}.Release|Any CPU.Build.0 = Release|Any CPU
		{14343574-88DE-411C-90C3-7E4EFD924DC3}.Debug|Any CPU.ActiveCfg = Debug|Any CPU
		{14343574-88DE-411C-90C3-7E4EFD924DC3}.Debug|Any CPU.Build.0 = Debug|Any CPU
		{14343574-88DE-411C-90C3-7E4EFD924DC3}.Release|Any CPU.ActiveCfg = Release|Any CPU
		{14343574-88DE-411C-90C3-7E4EFD924DC3}.Release|Any CPU.Build.0 = Release|Any CPU
		{87EF2B20-CD6D-42BC-B46D-CD01AE54C4EA}.Debug|Any CPU.ActiveCfg = Debug|Any CPU
		{87EF2B20-CD6D-42BC-B46D-CD01AE54C4EA}.Debug|Any CPU.Build.0 = Debug|Any CPU
		{87EF2B20-CD6D-42BC-B46D-CD01AE54C4EA}.Release|Any CPU.ActiveCfg = Release|Any CPU
		{87EF2B20-CD6D-42BC-B46D-CD01AE54C4EA}.Release|Any CPU.Build.0 = Release|Any CPU
		{B36C012F-E1B8-4913-B6A4-25E019C9D121}.Debug|Any CPU.ActiveCfg = Debug|Any CPU
		{B36C012F-E1B8-4913-B6A4-25E019C9D121}.Debug|Any CPU.Build.0 = Debug|Any CPU
		{B36C012F-E1B8-4913-B6A4-25E019C9D121}.Release|Any CPU.ActiveCfg = Release|Any CPU
		{B36C012F-E1B8-4913-B6A4-25E019C9D121}.Release|Any CPU.Build.0 = Release|Any CPU
		{7CFF00F7-746E-4C2B-B512-5CC530A2CEB5}.Debug|Any CPU.ActiveCfg = Debug|Any CPU
		{7CFF00F7-746E-4C2B-B512-5CC530A2CEB5}.Debug|Any CPU.Build.0 = Debug|Any CPU
		{7CFF00F7-746E-4C2B-B512-5CC530A2CEB5}.Release|Any CPU.ActiveCfg = Release|Any CPU
		{7CFF00F7-746E-4C2B-B512-5CC530A2CEB5}.Release|Any CPU.Build.0 = Release|Any CPU
		{3214A786-D65E-42F1-9BB8-BD025A0EF8E2}.Debug|Any CPU.ActiveCfg = Debug|Any CPU
		{3214A786-D65E-42F1-9BB8-BD025A0EF8E2}.Debug|Any CPU.Build.0 = Debug|Any CPU
		{3214A786-D65E-42F1-9BB8-BD025A0EF8E2}.Release|Any CPU.ActiveCfg = Release|Any CPU
		{3214A786-D65E-42F1-9BB8-BD025A0EF8E2}.Release|Any CPU.Build.0 = Release|Any CPU
		{7D862776-7171-4AAD-89FD-93F0461570EB}.Debug|Any CPU.ActiveCfg = Debug|Any CPU
		{7D862776-7171-4AAD-89FD-93F0461570EB}.Debug|Any CPU.Build.0 = Debug|Any CPU
		{7D862776-7171-4AAD-89FD-93F0461570EB}.Release|Any CPU.ActiveCfg = Release|Any CPU
		{7D862776-7171-4AAD-89FD-93F0461570EB}.Release|Any CPU.Build.0 = Release|Any CPU
		{0ACF64AB-C606-4B28-8E3D-8925F8B32300}.Debug|Any CPU.ActiveCfg = Debug|Any CPU
		{0ACF64AB-C606-4B28-8E3D-8925F8B32300}.Debug|Any CPU.Build.0 = Debug|Any CPU
		{0ACF64AB-C606-4B28-8E3D-8925F8B32300}.Release|Any CPU.ActiveCfg = Release|Any CPU
		{0ACF64AB-C606-4B28-8E3D-8925F8B32300}.Release|Any CPU.Build.0 = Release|Any CPU
		{21BFB626-C2AD-4A15-A297-AB0339BF31A2}.Debug|Any CPU.ActiveCfg = Debug|Any CPU
		{21BFB626-C2AD-4A15-A297-AB0339BF31A2}.Debug|Any CPU.Build.0 = Debug|Any CPU
		{21BFB626-C2AD-4A15-A297-AB0339BF31A2}.Release|Any CPU.ActiveCfg = Release|Any CPU
		{21BFB626-C2AD-4A15-A297-AB0339BF31A2}.Release|Any CPU.Build.0 = Release|Any CPU
		{4DC02F31-594B-4B3E-B50E-C401296CE5AF}.Debug|Any CPU.ActiveCfg = Debug|Any CPU
		{4DC02F31-594B-4B3E-B50E-C401296CE5AF}.Debug|Any CPU.Build.0 = Debug|Any CPU
		{4DC02F31-594B-4B3E-B50E-C401296CE5AF}.Release|Any CPU.ActiveCfg = Release|Any CPU
		{4DC02F31-594B-4B3E-B50E-C401296CE5AF}.Release|Any CPU.Build.0 = Release|Any CPU
		{ED101DCF-E714-4EF3-A0AA-E9129594DC30}.Debug|Any CPU.ActiveCfg = Debug|Any CPU
		{ED101DCF-E714-4EF3-A0AA-E9129594DC30}.Debug|Any CPU.Build.0 = Debug|Any CPU
		{ED101DCF-E714-4EF3-A0AA-E9129594DC30}.Release|Any CPU.ActiveCfg = Release|Any CPU
		{ED101DCF-E714-4EF3-A0AA-E9129594DC30}.Release|Any CPU.Build.0 = Release|Any CPU
		{7B9182E6-B9C5-4D5F-9BFC-B3214FB65402}.Debug|Any CPU.ActiveCfg = Debug|Any CPU
		{7B9182E6-B9C5-4D5F-9BFC-B3214FB65402}.Debug|Any CPU.Build.0 = Debug|Any CPU
		{7B9182E6-B9C5-4D5F-9BFC-B3214FB65402}.Release|Any CPU.ActiveCfg = Release|Any CPU
		{7B9182E6-B9C5-4D5F-9BFC-B3214FB65402}.Release|Any CPU.Build.0 = Release|Any CPU
		{ECDA1014-EE78-49AA-B3AE-F583B67FD99A}.Debug|Any CPU.ActiveCfg = Debug|Any CPU
		{ECDA1014-EE78-49AA-B3AE-F583B67FD99A}.Debug|Any CPU.Build.0 = Debug|Any CPU
		{ECDA1014-EE78-49AA-B3AE-F583B67FD99A}.Release|Any CPU.ActiveCfg = Release|Any CPU
		{ECDA1014-EE78-49AA-B3AE-F583B67FD99A}.Release|Any CPU.Build.0 = Release|Any CPU
		{FBED7579-15FF-418F-B2BD-6FC7BA9BA80E}.Debug|Any CPU.ActiveCfg = Debug|Any CPU
		{FBED7579-15FF-418F-B2BD-6FC7BA9BA80E}.Debug|Any CPU.Build.0 = Debug|Any CPU
		{FBED7579-15FF-418F-B2BD-6FC7BA9BA80E}.Release|Any CPU.ActiveCfg = Release|Any CPU
		{FBED7579-15FF-418F-B2BD-6FC7BA9BA80E}.Release|Any CPU.Build.0 = Release|Any CPU
		{F9CD1A05-7835-4B25-9787-2C90C071D4F8}.Debug|Any CPU.ActiveCfg = Debug|Any CPU
		{F9CD1A05-7835-4B25-9787-2C90C071D4F8}.Debug|Any CPU.Build.0 = Debug|Any CPU
		{F9CD1A05-7835-4B25-9787-2C90C071D4F8}.Release|Any CPU.ActiveCfg = Release|Any CPU
		{F9CD1A05-7835-4B25-9787-2C90C071D4F8}.Release|Any CPU.Build.0 = Release|Any CPU
		{3BCAEED7-8527-49B9-A397-B265B8CE4C7F}.Debug|Any CPU.ActiveCfg = Debug|Any CPU
		{3BCAEED7-8527-49B9-A397-B265B8CE4C7F}.Debug|Any CPU.Build.0 = Debug|Any CPU
		{3BCAEED7-8527-49B9-A397-B265B8CE4C7F}.Release|Any CPU.ActiveCfg = Release|Any CPU
		{3BCAEED7-8527-49B9-A397-B265B8CE4C7F}.Release|Any CPU.Build.0 = Release|Any CPU
		{22414441-F1C2-4716-A27C-FDB6642EC034}.Debug|Any CPU.ActiveCfg = Debug|Any CPU
		{22414441-F1C2-4716-A27C-FDB6642EC034}.Debug|Any CPU.Build.0 = Debug|Any CPU
		{22414441-F1C2-4716-A27C-FDB6642EC034}.Release|Any CPU.ActiveCfg = Release|Any CPU
		{22414441-F1C2-4716-A27C-FDB6642EC034}.Release|Any CPU.Build.0 = Release|Any CPU
		{2C040A44-098B-40F5-8746-3909600E6B12}.Debug|Any CPU.ActiveCfg = Debug|Any CPU
		{2C040A44-098B-40F5-8746-3909600E6B12}.Debug|Any CPU.Build.0 = Debug|Any CPU
		{2C040A44-098B-40F5-8746-3909600E6B12}.Release|Any CPU.ActiveCfg = Release|Any CPU
		{2C040A44-098B-40F5-8746-3909600E6B12}.Release|Any CPU.Build.0 = Release|Any CPU
		{BD3B50FB-8C00-4ED0-91E7-8ED1AEDBCF34}.Debug|Any CPU.ActiveCfg = Debug|Any CPU
		{BD3B50FB-8C00-4ED0-91E7-8ED1AEDBCF34}.Debug|Any CPU.Build.0 = Debug|Any CPU
		{BD3B50FB-8C00-4ED0-91E7-8ED1AEDBCF34}.Release|Any CPU.ActiveCfg = Release|Any CPU
		{BD3B50FB-8C00-4ED0-91E7-8ED1AEDBCF34}.Release|Any CPU.Build.0 = Release|Any CPU
		{FB63380E-7202-48BA-8AEA-7E065E2368CF}.Debug|Any CPU.ActiveCfg = Debug|Any CPU
		{FB63380E-7202-48BA-8AEA-7E065E2368CF}.Debug|Any CPU.Build.0 = Debug|Any CPU
		{FB63380E-7202-48BA-8AEA-7E065E2368CF}.Release|Any CPU.ActiveCfg = Release|Any CPU
		{FB63380E-7202-48BA-8AEA-7E065E2368CF}.Release|Any CPU.Build.0 = Release|Any CPU
		{0217890B-CB38-4964-8F3D-428F68A30C6F}.Debug|Any CPU.ActiveCfg = Debug|Any CPU
		{0217890B-CB38-4964-8F3D-428F68A30C6F}.Debug|Any CPU.Build.0 = Debug|Any CPU
		{0217890B-CB38-4964-8F3D-428F68A30C6F}.Release|Any CPU.ActiveCfg = Release|Any CPU
		{0217890B-CB38-4964-8F3D-428F68A30C6F}.Release|Any CPU.Build.0 = Release|Any CPU
		{3177E27F-F51B-44F2-B395-9E43F12D0C41}.Debug|Any CPU.ActiveCfg = Debug|Any CPU
		{3177E27F-F51B-44F2-B395-9E43F12D0C41}.Debug|Any CPU.Build.0 = Debug|Any CPU
		{3177E27F-F51B-44F2-B395-9E43F12D0C41}.Release|Any CPU.ActiveCfg = Release|Any CPU
		{3177E27F-F51B-44F2-B395-9E43F12D0C41}.Release|Any CPU.Build.0 = Release|Any CPU
	EndGlobalSection
	GlobalSection(SolutionProperties) = preSolution
		HideSolutionNode = FALSE
	EndGlobalSection
	GlobalSection(NestedProjects) = preSolution
		{96A88770-07B5-4F98-B104-89CF7199C13E} = {E2969795-6E49-42B6-AFC8-679F0398C5B7}
		{0C641116-315D-4D0C-A1D6-500E7207FBC4} = {E2969795-6E49-42B6-AFC8-679F0398C5B7}
		{EE39072A-7684-424B-8832-8E6A66734028} = {8752D99F-C5BA-4B46-A3D3-25B1458614F1}
		{14343574-88DE-411C-90C3-7E4EFD924DC3} = {8752D99F-C5BA-4B46-A3D3-25B1458614F1}
		{87EF2B20-CD6D-42BC-B46D-CD01AE54C4EA} = {942E8723-579C-4BEE-A8A9-F288849BD00A}
		{B36C012F-E1B8-4913-B6A4-25E019C9D121} = {942E8723-579C-4BEE-A8A9-F288849BD00A}
		{7CFF00F7-746E-4C2B-B512-5CC530A2CEB5} = {839C5F93-27D8-4585-872A-E9471EFEDEFA}
		{A4696F9F-6D53-459D-BAB8-0FF6573C1A84} = {D2DC83FB-F3F5-42B9-9943-6E31210E77A5}
		{839C5F93-27D8-4585-872A-E9471EFEDEFA} = {D2DC83FB-F3F5-42B9-9943-6E31210E77A5}
		{3214A786-D65E-42F1-9BB8-BD025A0EF8E2} = {A4696F9F-6D53-459D-BAB8-0FF6573C1A84}
		{7D862776-7171-4AAD-89FD-93F0461570EB} = {A4696F9F-6D53-459D-BAB8-0FF6573C1A84}
		{0ACF64AB-C606-4B28-8E3D-8925F8B32300} = {A4696F9F-6D53-459D-BAB8-0FF6573C1A84}
		{21BFB626-C2AD-4A15-A297-AB0339BF31A2} = {A4696F9F-6D53-459D-BAB8-0FF6573C1A84}
		{4DC02F31-594B-4B3E-B50E-C401296CE5AF} = {A4696F9F-6D53-459D-BAB8-0FF6573C1A84}
		{ED101DCF-E714-4EF3-A0AA-E9129594DC30} = {A4696F9F-6D53-459D-BAB8-0FF6573C1A84}
		{7B9182E6-B9C5-4D5F-9BFC-B3214FB65402} = {A4696F9F-6D53-459D-BAB8-0FF6573C1A84}
		{ECDA1014-EE78-49AA-B3AE-F583B67FD99A} = {A4696F9F-6D53-459D-BAB8-0FF6573C1A84}
		{FBED7579-15FF-418F-B2BD-6FC7BA9BA80E} = {A4696F9F-6D53-459D-BAB8-0FF6573C1A84}
		{F9CD1A05-7835-4B25-9787-2C90C071D4F8} = {A4696F9F-6D53-459D-BAB8-0FF6573C1A84}
		{22414441-F1C2-4716-A27C-FDB6642EC034} = {A4696F9F-6D53-459D-BAB8-0FF6573C1A84}
		{2C040A44-098B-40F5-8746-3909600E6B12} = {A4696F9F-6D53-459D-BAB8-0FF6573C1A84}
		{BD3B50FB-8C00-4ED0-91E7-8ED1AEDBCF34} = {393FC49D-D9C9-4171-B798-E8813C5A41B9}
		{FB63380E-7202-48BA-8AEA-7E065E2368CF} = {A4696F9F-6D53-459D-BAB8-0FF6573C1A84}
		{0217890B-CB38-4964-8F3D-428F68A30C6F} = {E2969795-6E49-42B6-AFC8-679F0398C5B7}
		{3177E27F-F51B-44F2-B395-9E43F12D0C41} = {A4696F9F-6D53-459D-BAB8-0FF6573C1A84}
	EndGlobalSection
	GlobalSection(ExtensibilityGlobals) = postSolution
		SolutionGuid = {EB8A4E83-8ABD-40CF-B56A-559A49B51254}
	EndGlobalSection
EndGlobal
