
Microsoft Visual Studio Solution File, Format Version 12.00
# Visual Studio Version 17
VisualStudioVersion = 17.0.31423.177
MinimumVisualStudioVersion = 10.0.40219.1
Project("{2150E333-8FDC-42A3-9474-1A3956D46DE8}") = "Basement", "Basement", "{56621D41-07D0-471B-8C67-9F3BA8AA443D}"
EndProject
Project("{2150E333-8FDC-42A3-9474-1A3956D46DE8}") = "Implement", "Implement", "{B1E92410-CD1D-4421-B5F3-8FBA5DF2B57C}"
EndProject
Project("{2150E333-8FDC-42A3-9474-1A3956D46DE8}") = "Material", "Material", "{C0F08FEB-74D4-4C60-AFBE-39E1C5BD9FA2}"
EndProject
Project("{2150E333-8FDC-42A3-9474-1A3956D46DE8}") = "04. APP", "04. APP", "{8444F372-1C4B-442B-B9E9-BC5FF5CF70C1}"
EndProject
Project("{FAE04EC0-301F-11D3-BF4B-00C04F79EFBC}") = "Leagueoflegends", "Leagueoflegends\Leagueoflegends.csproj", "{99368414-76AB-43D6-8004-8D705508A4F7}"
EndProject
Project("{FAE04EC0-301F-11D3-BF4B-00C04F79EFBC}") = "Leagueoflegends.Main", "Leagueoflegends.Main\Leagueoflegends.Main.csproj", "{F94791F2-2CD1-4354-817E-609AEF901794}"
EndProject
Project("{FAE04EC0-301F-11D3-BF4B-00C04F79EFBC}") = "Leagueoflegends.Data", "Leagueoflegends.Data\Leagueoflegends.Data.csproj", "{3E01F5FB-69AD-415D-8114-5D7E4D3CBB74}"
EndProject
Project("{FAE04EC0-301F-11D3-BF4B-00C04F79EFBC}") = "Leagueoflegends.LayoutSupport", "Leagueoflegends.LayoutSupport\Leagueoflegends.LayoutSupport.csproj", "{418FBB6A-08E6-4EAE-A304-913F232491A6}"
EndProject
Project("{FAE04EC0-301F-11D3-BF4B-00C04F79EFBC}") = "Leagueoflegends.Resources", "Leagueoflegends.Resources\Leagueoflegends.Resources.csproj", "{1AFEE701-95ED-4977-95B3-249A9821DE5B}"
EndProject
Project("{FAE04EC0-301F-11D3-BF4B-00C04F79EFBC}") = "Leagueoflegends.Home.General", "Leagueoflegends.Home.General\Leagueoflegends.Home.General.csproj", "{C1FD24B7-5EBB-49C2-881C-8F23CA6C7C63}"
EndProject
Project("{FAE04EC0-301F-11D3-BF4B-00C04F79EFBC}") = "Leagueoflegends.Controls", "Leagueoflegends.Controls\Leagueoflegends.Controls.csproj", "{F6309CBA-5A01-4E4E-AE66-02841968C02D}"
EndProject
Project("{FAE04EC0-301F-11D3-BF4B-00C04F79EFBC}") = "Leagueoflegends.TeamFight", "Leagueoflegends.TeamFight\Leagueoflegends.TeamFight.csproj", "{F7AA3593-BF16-4EEA-915D-906B30BBF74B}"
EndProject
Project("{FAE04EC0-301F-11D3-BF4B-00C04F79EFBC}") = "Leagueoflegends.MyShop", "Leagueoflegends.MyShop\Leagueoflegends.MyShop.csproj", "{0273ABA2-31C6-4273-85A4-C90E99B18926}"
EndProject
Project("{FAE04EC0-301F-11D3-BF4B-00C04F79EFBC}") = "Leagueoflegends.Converter", "Leagueoflegends.Converter\Leagueoflegends.Converter.csproj", "{50779308-A9BC-4D0D-862F-4394E3418A1F}"
EndProject
Project("{FAE04EC0-301F-11D3-BF4B-00C04F79EFBC}") = "Leagueoflegends.Friends", "Leagueoflegends.Friends\Leagueoflegends.Friends.csproj", "{5DF303D7-92FC-4EB2-A58D-8B3169DBD20D}"
EndProject
Project("{2150E333-8FDC-42A3-9474-1A3956D46DE8}") = "01. DB", "01. DB", "{F6DB4F19-115A-45A3-864D-C7C52C87E001}"
EndProject
Project("{FAE04EC0-301F-11D3-BF4B-00C04F79EFBC}") = "Leagueoflegends.ExampleData", "Leagueoflegends.ExampleData\Leagueoflegends.ExampleData.csproj", "{AD7CAAEF-1792-4CC7-A0B3-56F67EA44B03}"
EndProject
Project("{FAE04EC0-301F-11D3-BF4B-00C04F79EFBC}") = "Leagueoflegends.Client.Normal", "Leagueoflegends.Client.Normal\Leagueoflegends.Client.Normal.csproj", "{A0BA31FA-2B99-4879-8FD3-0CB7DE52FC85}"
EndProject
Project("{FAE04EC0-301F-11D3-BF4B-00C04F79EFBC}") = "Leagueoflegends.Settings", "Leagueoflegends.Settings\Leagueoflegends.Settings.csproj", "{2F65A578-13D0-43B9-AFE1-1695F6C9DC5E}"
EndProject
Project("{2150E333-8FDC-42A3-9474-1A3956D46DE8}") = "03. UI", "03. UI", "{477D28C5-1EA3-439F-84EB-E8A5DC2F3B95}"
EndProject
Project("{2150E333-8FDC-42A3-9474-1A3956D46DE8}") = "Windows", "Windows", "{7718944A-9FD7-44A9-A19D-5A275F13CDD4}"
EndProject
Project("{2150E333-8FDC-42A3-9474-1A3956D46DE8}") = "Views", "Views", "{9052252C-D495-405B-8255-F66106923276}"
EndProject
Project("{2150E333-8FDC-42A3-9474-1A3956D46DE8}") = "02. Base", "02. Base", "{70842664-AD52-4325-AAD6-0EA2EAECFCEA}"
EndProject
Project("{FAE04EC0-301F-11D3-BF4B-00C04F79EFBC}") = "Leagueoflegends.Foundation", "Leagueoflegends.Foundation\Leagueoflegends.Foundation.csproj", "{B0E72967-60F7-4796-8940-36D3822131A7}"
EndProject
Project("{FAE04EC0-301F-11D3-BF4B-00C04F79EFBC}") = "Leagueoflegends.Client.Alarm", "Leagueoflegends.Client.Alarm\Leagueoflegends.Client.Alarm.csproj", "{903D9585-68CB-4B96-BAA8-585E6C6B61F8}"
EndProject
Project("{FAE04EC0-301F-11D3-BF4B-00C04F79EFBC}") = "Leagueoflegends.Client.Chat", "Leagueoflegends.Client.Chat\Leagueoflegends.Client.Chat.csproj", "{E8CADFCD-16FF-4A3B-B91E-F8E3F16DD39C}"
EndProject
Project("{FAE04EC0-301F-11D3-BF4B-00C04F79EFBC}") = "Leagueoflegends.Client.Sound", "Leagueoflegends.Client.Sound\Leagueoflegends.Client.Sound.csproj", "{A5C9EC2C-18EF-4E67-8723-B2AA05140CAA}"
EndProject
Project("{FAE04EC0-301F-11D3-BF4B-00C04F79EFBC}") = "Leagueoflegends.Client.Voice", "Leagueoflegends.Client.Voice\Leagueoflegends.Client.Voice.csproj", "{5229E040-27BB-45CA-B4AF-31F7C53A843C}"
EndProject
Project("{FAE04EC0-301F-11D3-BF4B-00C04F79EFBC}") = "Leagueoflegends.Client.Block", "Leagueoflegends.Client.Block\Leagueoflegends.Client.Block.csproj", "{1BD104C6-09EB-45E4-AB44-BB93C054942C}"
EndProject
Project("{FAE04EC0-301F-11D3-BF4B-00C04F79EFBC}") = "Leagueoflegends.Game.Shortcut", "Leagueoflegends.Game.Shortcut\Leagueoflegends.Game.Shortcut.csproj", "{B1457FC6-BE4F-4D11-BE48-A7CD189A320C}"
EndProject
Global
	GlobalSection(SolutionConfigurationPlatforms) = preSolution
		Debug|Any CPU = Debug|Any CPU
		Release|Any CPU = Release|Any CPU
	EndGlobalSection
	GlobalSection(ProjectConfigurationPlatforms) = postSolution
		{99368414-76AB-43D6-8004-8D705508A4F7}.Debug|Any CPU.ActiveCfg = Debug|Any CPU
		{99368414-76AB-43D6-8004-8D705508A4F7}.Debug|Any CPU.Build.0 = Debug|Any CPU
		{99368414-76AB-43D6-8004-8D705508A4F7}.Release|Any CPU.ActiveCfg = Release|Any CPU
		{99368414-76AB-43D6-8004-8D705508A4F7}.Release|Any CPU.Build.0 = Release|Any CPU
		{F94791F2-2CD1-4354-817E-609AEF901794}.Debug|Any CPU.ActiveCfg = Debug|Any CPU
		{F94791F2-2CD1-4354-817E-609AEF901794}.Debug|Any CPU.Build.0 = Debug|Any CPU
		{F94791F2-2CD1-4354-817E-609AEF901794}.Release|Any CPU.ActiveCfg = Release|Any CPU
		{F94791F2-2CD1-4354-817E-609AEF901794}.Release|Any CPU.Build.0 = Release|Any CPU
		{3E01F5FB-69AD-415D-8114-5D7E4D3CBB74}.Debug|Any CPU.ActiveCfg = Debug|Any CPU
		{3E01F5FB-69AD-415D-8114-5D7E4D3CBB74}.Debug|Any CPU.Build.0 = Debug|Any CPU
		{3E01F5FB-69AD-415D-8114-5D7E4D3CBB74}.Release|Any CPU.ActiveCfg = Release|Any CPU
		{3E01F5FB-69AD-415D-8114-5D7E4D3CBB74}.Release|Any CPU.Build.0 = Release|Any CPU
		{418FBB6A-08E6-4EAE-A304-913F232491A6}.Debug|Any CPU.ActiveCfg = Debug|Any CPU
		{418FBB6A-08E6-4EAE-A304-913F232491A6}.Debug|Any CPU.Build.0 = Debug|Any CPU
		{418FBB6A-08E6-4EAE-A304-913F232491A6}.Release|Any CPU.ActiveCfg = Release|Any CPU
		{418FBB6A-08E6-4EAE-A304-913F232491A6}.Release|Any CPU.Build.0 = Release|Any CPU
		{1AFEE701-95ED-4977-95B3-249A9821DE5B}.Debug|Any CPU.ActiveCfg = Debug|Any CPU
		{1AFEE701-95ED-4977-95B3-249A9821DE5B}.Debug|Any CPU.Build.0 = Debug|Any CPU
		{1AFEE701-95ED-4977-95B3-249A9821DE5B}.Release|Any CPU.ActiveCfg = Release|Any CPU
		{1AFEE701-95ED-4977-95B3-249A9821DE5B}.Release|Any CPU.Build.0 = Release|Any CPU
		{C1FD24B7-5EBB-49C2-881C-8F23CA6C7C63}.Debug|Any CPU.ActiveCfg = Debug|Any CPU
		{C1FD24B7-5EBB-49C2-881C-8F23CA6C7C63}.Debug|Any CPU.Build.0 = Debug|Any CPU
		{C1FD24B7-5EBB-49C2-881C-8F23CA6C7C63}.Release|Any CPU.ActiveCfg = Release|Any CPU
		{C1FD24B7-5EBB-49C2-881C-8F23CA6C7C63}.Release|Any CPU.Build.0 = Release|Any CPU
		{F6309CBA-5A01-4E4E-AE66-02841968C02D}.Debug|Any CPU.ActiveCfg = Debug|Any CPU
		{F6309CBA-5A01-4E4E-AE66-02841968C02D}.Debug|Any CPU.Build.0 = Debug|Any CPU
		{F6309CBA-5A01-4E4E-AE66-02841968C02D}.Release|Any CPU.ActiveCfg = Release|Any CPU
		{F6309CBA-5A01-4E4E-AE66-02841968C02D}.Release|Any CPU.Build.0 = Release|Any CPU
		{F7AA3593-BF16-4EEA-915D-906B30BBF74B}.Debug|Any CPU.ActiveCfg = Debug|Any CPU
		{F7AA3593-BF16-4EEA-915D-906B30BBF74B}.Debug|Any CPU.Build.0 = Debug|Any CPU
		{F7AA3593-BF16-4EEA-915D-906B30BBF74B}.Release|Any CPU.ActiveCfg = Release|Any CPU
		{F7AA3593-BF16-4EEA-915D-906B30BBF74B}.Release|Any CPU.Build.0 = Release|Any CPU
		{0273ABA2-31C6-4273-85A4-C90E99B18926}.Debug|Any CPU.ActiveCfg = Debug|Any CPU
		{0273ABA2-31C6-4273-85A4-C90E99B18926}.Debug|Any CPU.Build.0 = Debug|Any CPU
		{0273ABA2-31C6-4273-85A4-C90E99B18926}.Release|Any CPU.ActiveCfg = Release|Any CPU
		{0273ABA2-31C6-4273-85A4-C90E99B18926}.Release|Any CPU.Build.0 = Release|Any CPU
		{50779308-A9BC-4D0D-862F-4394E3418A1F}.Debug|Any CPU.ActiveCfg = Debug|Any CPU
		{50779308-A9BC-4D0D-862F-4394E3418A1F}.Debug|Any CPU.Build.0 = Debug|Any CPU
		{50779308-A9BC-4D0D-862F-4394E3418A1F}.Release|Any CPU.ActiveCfg = Release|Any CPU
		{50779308-A9BC-4D0D-862F-4394E3418A1F}.Release|Any CPU.Build.0 = Release|Any CPU
		{5DF303D7-92FC-4EB2-A58D-8B3169DBD20D}.Debug|Any CPU.ActiveCfg = Debug|Any CPU
		{5DF303D7-92FC-4EB2-A58D-8B3169DBD20D}.Debug|Any CPU.Build.0 = Debug|Any CPU
		{5DF303D7-92FC-4EB2-A58D-8B3169DBD20D}.Release|Any CPU.ActiveCfg = Release|Any CPU
		{5DF303D7-92FC-4EB2-A58D-8B3169DBD20D}.Release|Any CPU.Build.0 = Release|Any CPU
		{AD7CAAEF-1792-4CC7-A0B3-56F67EA44B03}.Debug|Any CPU.ActiveCfg = Debug|Any CPU
		{AD7CAAEF-1792-4CC7-A0B3-56F67EA44B03}.Debug|Any CPU.Build.0 = Debug|Any CPU
		{AD7CAAEF-1792-4CC7-A0B3-56F67EA44B03}.Release|Any CPU.ActiveCfg = Release|Any CPU
		{AD7CAAEF-1792-4CC7-A0B3-56F67EA44B03}.Release|Any CPU.Build.0 = Release|Any CPU
		{A0BA31FA-2B99-4879-8FD3-0CB7DE52FC85}.Debug|Any CPU.ActiveCfg = Debug|Any CPU
		{A0BA31FA-2B99-4879-8FD3-0CB7DE52FC85}.Debug|Any CPU.Build.0 = Debug|Any CPU
		{A0BA31FA-2B99-4879-8FD3-0CB7DE52FC85}.Release|Any CPU.ActiveCfg = Release|Any CPU
		{A0BA31FA-2B99-4879-8FD3-0CB7DE52FC85}.Release|Any CPU.Build.0 = Release|Any CPU
		{2F65A578-13D0-43B9-AFE1-1695F6C9DC5E}.Debug|Any CPU.ActiveCfg = Debug|Any CPU
		{2F65A578-13D0-43B9-AFE1-1695F6C9DC5E}.Debug|Any CPU.Build.0 = Debug|Any CPU
		{2F65A578-13D0-43B9-AFE1-1695F6C9DC5E}.Release|Any CPU.ActiveCfg = Release|Any CPU
		{2F65A578-13D0-43B9-AFE1-1695F6C9DC5E}.Release|Any CPU.Build.0 = Release|Any CPU
		{B0E72967-60F7-4796-8940-36D3822131A7}.Debug|Any CPU.ActiveCfg = Debug|Any CPU
		{B0E72967-60F7-4796-8940-36D3822131A7}.Debug|Any CPU.Build.0 = Debug|Any CPU
		{B0E72967-60F7-4796-8940-36D3822131A7}.Release|Any CPU.ActiveCfg = Release|Any CPU
		{B0E72967-60F7-4796-8940-36D3822131A7}.Release|Any CPU.Build.0 = Release|Any CPU
		{903D9585-68CB-4B96-BAA8-585E6C6B61F8}.Debug|Any CPU.ActiveCfg = Debug|Any CPU
		{903D9585-68CB-4B96-BAA8-585E6C6B61F8}.Debug|Any CPU.Build.0 = Debug|Any CPU
		{903D9585-68CB-4B96-BAA8-585E6C6B61F8}.Release|Any CPU.ActiveCfg = Release|Any CPU
		{903D9585-68CB-4B96-BAA8-585E6C6B61F8}.Release|Any CPU.Build.0 = Release|Any CPU
		{E8CADFCD-16FF-4A3B-B91E-F8E3F16DD39C}.Debug|Any CPU.ActiveCfg = Debug|Any CPU
		{E8CADFCD-16FF-4A3B-B91E-F8E3F16DD39C}.Debug|Any CPU.Build.0 = Debug|Any CPU
		{E8CADFCD-16FF-4A3B-B91E-F8E3F16DD39C}.Release|Any CPU.ActiveCfg = Release|Any CPU
		{E8CADFCD-16FF-4A3B-B91E-F8E3F16DD39C}.Release|Any CPU.Build.0 = Release|Any CPU
		{A5C9EC2C-18EF-4E67-8723-B2AA05140CAA}.Debug|Any CPU.ActiveCfg = Debug|Any CPU
		{A5C9EC2C-18EF-4E67-8723-B2AA05140CAA}.Debug|Any CPU.Build.0 = Debug|Any CPU
		{A5C9EC2C-18EF-4E67-8723-B2AA05140CAA}.Release|Any CPU.ActiveCfg = Release|Any CPU
		{A5C9EC2C-18EF-4E67-8723-B2AA05140CAA}.Release|Any CPU.Build.0 = Release|Any CPU
		{5229E040-27BB-45CA-B4AF-31F7C53A843C}.Debug|Any CPU.ActiveCfg = Debug|Any CPU
		{5229E040-27BB-45CA-B4AF-31F7C53A843C}.Debug|Any CPU.Build.0 = Debug|Any CPU
		{5229E040-27BB-45CA-B4AF-31F7C53A843C}.Release|Any CPU.ActiveCfg = Release|Any CPU
		{5229E040-27BB-45CA-B4AF-31F7C53A843C}.Release|Any CPU.Build.0 = Release|Any CPU
		{1BD104C6-09EB-45E4-AB44-BB93C054942C}.Debug|Any CPU.ActiveCfg = Debug|Any CPU
		{1BD104C6-09EB-45E4-AB44-BB93C054942C}.Debug|Any CPU.Build.0 = Debug|Any CPU
		{1BD104C6-09EB-45E4-AB44-BB93C054942C}.Release|Any CPU.ActiveCfg = Release|Any CPU
		{1BD104C6-09EB-45E4-AB44-BB93C054942C}.Release|Any CPU.Build.0 = Release|Any CPU
		{B1457FC6-BE4F-4D11-BE48-A7CD189A320C}.Debug|Any CPU.ActiveCfg = Debug|Any CPU
		{B1457FC6-BE4F-4D11-BE48-A7CD189A320C}.Debug|Any CPU.Build.0 = Debug|Any CPU
		{B1457FC6-BE4F-4D11-BE48-A7CD189A320C}.Release|Any CPU.ActiveCfg = Release|Any CPU
		{B1457FC6-BE4F-4D11-BE48-A7CD189A320C}.Release|Any CPU.Build.0 = Release|Any CPU
	EndGlobalSection
	GlobalSection(SolutionProperties) = preSolution
		HideSolutionNode = FALSE
	EndGlobalSection
	GlobalSection(NestedProjects) = preSolution
		{56621D41-07D0-471B-8C67-9F3BA8AA443D} = {70842664-AD52-4325-AAD6-0EA2EAECFCEA}
		{B1E92410-CD1D-4421-B5F3-8FBA5DF2B57C} = {70842664-AD52-4325-AAD6-0EA2EAECFCEA}
		{C0F08FEB-74D4-4C60-AFBE-39E1C5BD9FA2} = {70842664-AD52-4325-AAD6-0EA2EAECFCEA}
		{99368414-76AB-43D6-8004-8D705508A4F7} = {8444F372-1C4B-442B-B9E9-BC5FF5CF70C1}
		{F94791F2-2CD1-4354-817E-609AEF901794} = {7718944A-9FD7-44A9-A19D-5A275F13CDD4}
		{3E01F5FB-69AD-415D-8114-5D7E4D3CBB74} = {56621D41-07D0-471B-8C67-9F3BA8AA443D}
		{418FBB6A-08E6-4EAE-A304-913F232491A6} = {B1E92410-CD1D-4421-B5F3-8FBA5DF2B57C}
		{1AFEE701-95ED-4977-95B3-249A9821DE5B} = {C0F08FEB-74D4-4C60-AFBE-39E1C5BD9FA2}
		{C1FD24B7-5EBB-49C2-881C-8F23CA6C7C63} = {9052252C-D495-405B-8255-F66106923276}
		{F6309CBA-5A01-4E4E-AE66-02841968C02D} = {B1E92410-CD1D-4421-B5F3-8FBA5DF2B57C}
		{F7AA3593-BF16-4EEA-915D-906B30BBF74B} = {9052252C-D495-405B-8255-F66106923276}
		{0273ABA2-31C6-4273-85A4-C90E99B18926} = {9052252C-D495-405B-8255-F66106923276}
		{50779308-A9BC-4D0D-862F-4394E3418A1F} = {C0F08FEB-74D4-4C60-AFBE-39E1C5BD9FA2}
		{5DF303D7-92FC-4EB2-A58D-8B3169DBD20D} = {9052252C-D495-405B-8255-F66106923276}
		{AD7CAAEF-1792-4CC7-A0B3-56F67EA44B03} = {F6DB4F19-115A-45A3-864D-C7C52C87E001}
		{A0BA31FA-2B99-4879-8FD3-0CB7DE52FC85} = {9052252C-D495-405B-8255-F66106923276}
		{2F65A578-13D0-43B9-AFE1-1695F6C9DC5E} = {9052252C-D495-405B-8255-F66106923276}
		{7718944A-9FD7-44A9-A19D-5A275F13CDD4} = {477D28C5-1EA3-439F-84EB-E8A5DC2F3B95}
		{9052252C-D495-405B-8255-F66106923276} = {477D28C5-1EA3-439F-84EB-E8A5DC2F3B95}
		{B0E72967-60F7-4796-8940-36D3822131A7} = {56621D41-07D0-471B-8C67-9F3BA8AA443D}
		{903D9585-68CB-4B96-BAA8-585E6C6B61F8} = {9052252C-D495-405B-8255-F66106923276}
		{E8CADFCD-16FF-4A3B-B91E-F8E3F16DD39C} = {9052252C-D495-405B-8255-F66106923276}
		{A5C9EC2C-18EF-4E67-8723-B2AA05140CAA} = {9052252C-D495-405B-8255-F66106923276}
		{5229E040-27BB-45CA-B4AF-31F7C53A843C} = {9052252C-D495-405B-8255-F66106923276}
		{1BD104C6-09EB-45E4-AB44-BB93C054942C} = {9052252C-D495-405B-8255-F66106923276}
		{B1457FC6-BE4F-4D11-BE48-A7CD189A320C} = {9052252C-D495-405B-8255-F66106923276}
	EndGlobalSection
	GlobalSection(ExtensibilityGlobals) = postSolution
		SolutionGuid = {EB8A4E83-8ABD-40CF-B56A-559A49B51254}
	EndGlobalSection
EndGlobal
